<?xml version="1.0" encoding="utf-8"?>
<Project ToolsVersion="4.0" xmlns="http://schemas.microsoft.com/developer/msbuild/2003">
  <ItemGroup>
    <Filter Include="I/O">
      <UniqueIdentifier>{e4a065b8-2bbd-4630-b894-21ee9f90bd90}</UniqueIdentifier>
    </Filter>
    <Filter Include="Misc">
      <UniqueIdentifier>{e4b12102-ba84-4791-87d6-9693f3c4c95c}</UniqueIdentifier>
    </Filter>
    <Filter Include="Numeric">
      <UniqueIdentifier>{d2c97606-7bf3-4c20-9d7b-675b7c25e27d}</UniqueIdentifier>
    </Filter>
    <Filter Include="Ranges">
      <UniqueIdentifier>{16e6d8ed-60e2-4e49-9445-aa6de7892f3f}</UniqueIdentifier>
    </Filter>
    <Filter Include="Types">
      <UniqueIdentifier>{47bd5405-b504-4d21-8120-06c21d432948}</UniqueIdentifier>
    </Filter>
    <Filter Include="Image">
      <UniqueIdentifier>{62a685cc-cae9-4d3c-bda8-52ad2be215a0}</UniqueIdentifier>
    </Filter>
    <Filter Include="Network">
      <UniqueIdentifier>{f9587024-8ecd-4557-a8de-49321b5bb1e8}</UniqueIdentifier>
    </Filter>
    <Filter Include="Algorithms">
      <UniqueIdentifier>{7640bd5f-c9d0-483e-b222-82ae1a8d35f0}</UniqueIdentifier>
    </Filter>
    <Filter Include="Thread">
      <UniqueIdentifier>{c1a44b87-75db-486e-848d-9bfcc80596bc}</UniqueIdentifier>
    </Filter>
    <Filter Include="Containers">
      <UniqueIdentifier>{525f5d4d-50c1-4360-b352-383a36cc32e9}</UniqueIdentifier>
    </Filter>
  </ItemGroup>
  <ItemGroup>
    <ClInclude Include="$(MSBuildThisFileDirectory)includes\xstd\assert.hpp">
      <Filter>I/O</Filter>
    </ClInclude>
    <ClInclude Include="$(MSBuildThisFileDirectory)includes\xstd\enum_name.hpp">
      <Filter>I/O</Filter>
    </ClInclude>
    <ClInclude Include="$(MSBuildThisFileDirectory)includes\xstd\file.hpp">
      <Filter>I/O</Filter>
    </ClInclude>
    <ClInclude Include="$(MSBuildThisFileDirectory)includes\xstd\formatting.hpp">
      <Filter>I/O</Filter>
    </ClInclude>
    <ClInclude Include="$(MSBuildThisFileDirectory)includes\xstd\logger.hpp">
      <Filter>I/O</Filter>
    </ClInclude>
    <ClInclude Include="$(MSBuildThisFileDirectory)includes\xstd\strong_formatting.hpp">
      <Filter>I/O</Filter>
    </ClInclude>
    <ClInclude Include="$(MSBuildThisFileDirectory)includes\xstd\table_view.hpp">
      <Filter>I/O</Filter>
    </ClInclude>
    <ClInclude Include="$(MSBuildThisFileDirectory)includes\xstd\range.hpp">
      <Filter>Ranges</Filter>
    </ClInclude>
    <ClInclude Include="$(MSBuildThisFileDirectory)includes\xstd\zip.hpp">
      <Filter>Ranges</Filter>
    </ClInclude>
    <ClInclude Include="$(MSBuildThisFileDirectory)includes\xstd\numeric_range.hpp">
      <Filter>Ranges</Filter>
    </ClInclude>
    <ClInclude Include="$(MSBuildThisFileDirectory)includes\xstd\hashable.hpp">
      <Filter>Types</Filter>
    </ClInclude>
    <ClInclude Include="$(MSBuildThisFileDirectory)includes\xstd\type_helpers.hpp">
      <Filter>Types</Filter>
    </ClInclude>
    <ClInclude Include="$(MSBuildThisFileDirectory)includes\xstd\bitwise.hpp">
      <Filter>Numeric</Filter>
    </ClInclude>
    <ClInclude Include="$(MSBuildThisFileDirectory)includes\xstd\random.hpp">
      <Filter>Numeric</Filter>
    </ClInclude>
    <ClInclude Include="$(MSBuildThisFileDirectory)includes\xstd\static_warning.hpp">
      <Filter>I/O</Filter>
    </ClInclude>
    <ClInclude Include="$(MSBuildThisFileDirectory)includes\xstd\deferred_value.hpp">
      <Filter>Misc</Filter>
    </ClInclude>
    <ClInclude Include="$(MSBuildThisFileDirectory)includes\xstd\function_view.hpp">
      <Filter>Misc</Filter>
    </ClInclude>
    <ClInclude Include="$(MSBuildThisFileDirectory)includes\xstd\finally.hpp">
      <Filter>Misc</Filter>
    </ClInclude>
    <ClInclude Include="$(MSBuildThisFileDirectory)includes\xstd\time.hpp">
      <Filter>Misc</Filter>
    </ClInclude>
    <ClInclude Include="$(MSBuildThisFileDirectory)includes\xstd\narrow_cast.hpp">
      <Filter>Numeric</Filter>
    </ClInclude>
    <ClInclude Include="$(MSBuildThisFileDirectory)includes\xstd\result.hpp">
      <Filter>Misc</Filter>
    </ClInclude>
    <ClInclude Include="$(MSBuildThisFileDirectory)includes\xstd\file_view.hpp">
      <Filter>I/O</Filter>
    </ClInclude>
    <ClInclude Include="$(MSBuildThisFileDirectory)includes\xstd\serialization.hpp">
      <Filter>I/O</Filter>
    </ClInclude>
    <ClInclude Include="$(MSBuildThisFileDirectory)includes\xstd\text.hpp">
      <Filter>Misc</Filter>
    </ClInclude>
    <ClInclude Include="$(MSBuildThisFileDirectory)includes\xstd\gzip.hpp">
      <Filter>Algorithms</Filter>
    </ClInclude>
    <ClInclude Include="$(MSBuildThisFileDirectory)includes\xstd\algorithm.hpp">
      <Filter>Ranges</Filter>
    </ClInclude>
    <ClInclude Include="$(MSBuildThisFileDirectory)includes\xstd\base_n.hpp">
      <Filter>Algorithms</Filter>
    </ClInclude>
    <ClInclude Include="$(MSBuildThisFileDirectory)includes\xstd\environment.hpp">
      <Filter>Misc</Filter>
    </ClInclude>
    <ClInclude Include="$(MSBuildThisFileDirectory)includes\xstd\nested_range.hpp">
      <Filter>Ranges</Filter>
    </ClInclude>
    <ClInclude Include="$(MSBuildThisFileDirectory)includes\xstd\leb128.hpp">
      <Filter>Algorithms</Filter>
    </ClInclude>
    <ClInclude Include="$(MSBuildThisFileDirectory)includes\xstd\intrinsics.hpp" />
    <ClInclude Include="$(MSBuildThisFileDirectory)includes\xstd\statistics.hpp">
      <Filter>Numeric</Filter>
    </ClInclude>
    <ClInclude Include="$(MSBuildThisFileDirectory)includes\xstd\tcp.hpp">
      <Filter>Network</Filter>
    </ClInclude>
    <ClInclude Include="$(MSBuildThisFileDirectory)includes\xstd\http.hpp">
      <Filter>Network</Filter>
    </ClInclude>
    <ClInclude Include="$(MSBuildThisFileDirectory)includes\xstd\bmp.hpp">
      <Filter>Image</Filter>
    </ClInclude>
    <ClInclude Include="$(MSBuildThisFileDirectory)includes\xstd\color.hpp">
      <Filter>Image</Filter>
    </ClInclude>
    <ClInclude Include="$(MSBuildThisFileDirectory)includes\xstd\image_view.hpp">
      <Filter>Image</Filter>
    </ClInclude>
    <ClInclude Include="$(MSBuildThisFileDirectory)includes\xstd\tinyjambu.hpp">
      <Filter>Algorithms</Filter>
    </ClInclude>
    <ClInclude Include="$(MSBuildThisFileDirectory)includes\xstd\promise.hpp">
      <Filter>Thread</Filter>
    </ClInclude>
    <ClInclude Include="$(MSBuildThisFileDirectory)includes\xstd\conditional_lock.hpp">
      <Filter>Thread</Filter>
    </ClInclude>
    <ClInclude Include="$(MSBuildThisFileDirectory)includes\xstd\transform.hpp">
      <Filter>Thread</Filter>
    </ClInclude>
    <ClInclude Include="$(MSBuildThisFileDirectory)includes\xstd\spinlock.hpp">
      <Filter>Thread</Filter>
    </ClInclude>
    <ClInclude Include="$(MSBuildThisFileDirectory)includes\xstd\chore.hpp">
      <Filter>Thread</Filter>
    </ClInclude>
    <ClInclude Include="$(MSBuildThisFileDirectory)includes\xstd\event.hpp">
      <Filter>Thread</Filter>
    </ClInclude>
    <ClInclude Include="$(MSBuildThisFileDirectory)includes\xstd\task_guard.hpp">
      <Filter>Thread</Filter>
    </ClInclude>
    <ClInclude Include="$(MSBuildThisFileDirectory)includes\xstd\shared_mutex.hpp">
      <Filter>Thread</Filter>
    </ClInclude>
    <ClInclude Include="$(MSBuildThisFileDirectory)includes\xstd\crc32.hpp">
      <Filter>Algorithms</Filter>
    </ClInclude>
    <ClInclude Include="$(MSBuildThisFileDirectory)includes\xstd\fnv64.hpp">
      <Filter>Algorithms</Filter>
    </ClInclude>
    <ClInclude Include="$(MSBuildThisFileDirectory)includes\xstd\bitmap.hpp">
      <Filter>Containers</Filter>
    </ClInclude>
    <ClInclude Include="$(MSBuildThisFileDirectory)includes\xstd\atomic_slist.hpp">
      <Filter>Containers</Filter>
    </ClInclude>
    <ClInclude Include="$(MSBuildThisFileDirectory)includes\xstd\small_vector.hpp">
      <Filter>Containers</Filter>
    </ClInclude>
    <ClInclude Include="$(MSBuildThisFileDirectory)includes\xstd\stack_containers.hpp">
      <Filter>Containers</Filter>
    </ClInclude>
    <ClInclude Include="$(MSBuildThisFileDirectory)includes\xstd\shared.hpp">
      <Filter>Misc</Filter>
    </ClInclude>
    <ClInclude Include="$(MSBuildThisFileDirectory)includes\xstd\concurrent_arena.hpp">
      <Filter>Containers</Filter>
    </ClInclude>
    <ClInclude Include="$(MSBuildThisFileDirectory)includes\xstd\concurrent_hashmap.hpp">
      <Filter>Containers</Filter>
    </ClInclude>
    <ClInclude Include="$(MSBuildThisFileDirectory)includes\xstd\guarded.hpp">
      <Filter>Thread</Filter>
    </ClInclude>
  </ItemGroup>
  <ItemGroup>
    <None Include="$(MSBuildThisFileDirectory)includes\xstd\websocket.hpp">
      <Filter>Network</Filter>
    </None>
  </ItemGroup>
</Project>